
Microsoft Visual Studio Solution File, Format Version 12.00
Project("{FAE04EC0-301F-11D3-BF4B-00C04F79EFBC}") = "QuizGame", "QuizGame.csproj", "{C3BC274F-90E7-46F3-B17D-227D1E5BFE6B}"
EndProject
Global
	GlobalSection(SolutionConfigurationPlatforms) = preSolution
		Debug|Any CPU = Debug|Any CPU
		Release|Any CPU = Release|Any CPU
	EndGlobalSection
	GlobalSection(ProjectConfigurationPlatforms) = postSolution
		{C3BC274F-90E7-46F3-B17D-227D1E5BFE6B}.Debug|Any CPU.ActiveCfg = Debug|Any CPU
		{C3BC274F-90E7-46F3-B17D-227D1E5BFE6B}.Debug|Any CPU.Build.0 = Debug|Any CPU
		{C3BC274F-90E7-46F3-B17D-227D1E5BFE6B}.Release|Any CPU.ActiveCfg = Release|Any CPU
		{C3BC274F-90E7-46F3-B17D-227D1E5BFE6B}.Release|Any CPU.Build.0 = Release|Any CPU
	EndGlobalSection
EndGlobal
